
Microsoft Visual Studio Solution File, Format Version 12.00
# Visual Studio Version 17
VisualStudioVersion = 17.14.36511.14 d17.14
MinimumVisualStudioVersion = 10.0.40219.1
Project("{FAE04EC0-301F-11D3-BF4B-00C04F79EFBC}") = "AdventureGame.Cli", "AdventureGame.Cli\AdventureGame.Cli.csproj", "{30373FEB-0319-43DB-BA52-5572DEE9CCAE}"
EndProject
Project("{FAE04EC0-301F-11D3-BF4B-00C04F79EFBC}") = "AdventureGame.Core", "AdventureGame.Core\AdventureGame.Core.csproj", "{6B85E12A-100F-497B-8145-94A4AB75C2D5}"
EndProject
Global
	GlobalSection(SolutionConfigurationPlatforms) = preSolution
		Debug|Any CPU = Debug|Any CPU
		Release|Any CPU = Release|Any CPU
	EndGlobalSection
	GlobalSection(ProjectConfigurationPlatforms) = postSolution
		{30373FEB-0319-43DB-BA52-5572DEE9CCAE}.Debug|Any CPU.ActiveCfg = Debug|Any CPU
		{30373FEB-0319-43DB-BA52-5572DEE9CCAE}.Debug|Any CPU.Build.0 = Debug|Any CPU
		{30373FEB-0319-43DB-BA52-5572DEE9CCAE}.Release|Any CPU.ActiveCfg = Release|Any CPU
		{30373FEB-0319-43DB-BA52-5572DEE9CCAE}.Release|Any CPU.Build.0 = Release|Any CPU
		{6B85E12A-100F-497B-8145-94A4AB75C2D5}.Debug|Any CPU.ActiveCfg = Debug|Any CPU
		{6B85E12A-100F-497B-8145-94A4AB75C2D5}.Debug|Any CPU.Build.0 = Debug|Any CPU
		{6B85E12A-100F-497B-8145-94A4AB75C2D5}.Release|Any CPU.ActiveCfg = Release|Any CPU
		{6B85E12A-100F-497B-8145-94A4AB75C2D5}.Release|Any CPU.Build.0 = Release|Any CPU
	EndGlobalSection
	GlobalSection(SolutionProperties) = preSolution
		HideSolutionNode = FALSE
	EndGlobalSection
	GlobalSection(ExtensibilityGlobals) = postSolution
		SolutionGuid = {5A4CB92C-1E19-4D6C-AC4E-8F7DA816010B}
	EndGlobalSection
EndGlobal
